
Microsoft Visual Studio Solution File, Format Version 12.00
# Visual Studio Version 16
VisualStudioVersion = 16.0.29728.190
MinimumVisualStudioVersion = 10.0.40219.1
Project("{FAE04EC0-301F-11D3-BF4B-00C04F79EFBC}") = "ToyLanguage", "ToyLanguage\ToyLanguage.csproj", "{60100E5D-0A18-4A3F-8F19-8AECC3E0DA84}"
EndProject
Global
	GlobalSection(SolutionConfigurationPlatforms) = preSolution
		Debug|Any CPU = Debug|Any CPU
		Release|Any CPU = Release|Any CPU
	EndGlobalSection
	GlobalSection(ProjectConfigurationPlatforms) = postSolution
		{60100E5D-0A18-4A3F-8F19-8AECC3E0DA84}.Debug|Any CPU.ActiveCfg = Debug|Any CPU
		{60100E5D-0A18-4A3F-8F19-8AECC3E0DA84}.Debug|Any CPU.Build.0 = Debug|Any CPU
		{60100E5D-0A18-4A3F-8F19-8AECC3E0DA84}.Release|Any CPU.ActiveCfg = Release|Any CPU
		{60100E5D-0A18-4A3F-8F19-8AECC3E0DA84}.Release|Any CPU.Build.0 = Release|Any CPU
	EndGlobalSection
	GlobalSection(SolutionProperties) = preSolution
		HideSolutionNode = FALSE
	EndGlobalSection
	GlobalSection(ExtensibilityGlobals) = postSolution
		SolutionGuid = {2ED0C7E3-D9D6-4AEF-9631-A0ECC19D95E2}
	EndGlobalSection
EndGlobal
